
Microsoft Visual Studio Solution File, Format Version 12.00
# Visual Studio Version 17
VisualStudioVersion = 17.8.34525.116
MinimumVisualStudioVersion = 10.0.40219.1
Project("{2150E333-8FDC-42A3-9474-1A3956D46DE8}") = "src", "src", "{62FCFF5E-035C-4459-BFFA-84B082B38659}"
EndProject
Project("{2150E333-8FDC-42A3-9474-1A3956D46DE8}") = "tests", "tests", "{BED97B2B-F118-4D7A-ADD0-2A49CD23078C}"
EndProject
Project("{2150E333-8FDC-42A3-9474-1A3956D46DE8}") = "SolutionFiles", "SolutionFiles", "{C4C8DC5C-618B-420E-BD45-1E251F2E45D4}"
	ProjectSection(SolutionItems) = preProject
		.gitignore = .gitignore
		README.md = README.md
	EndProjectSection
EndProject
Project("{9A19103F-16F7-4668-BE54-9A1E7A4F7556}") = "Pocus.WebUI", "src\Pocus.WebUI\Pocus.WebUI.csproj", "{AA53E5BC-4015-4450-97B3-19EABDDA489E}"
EndProject
Project("{9A19103F-16F7-4668-BE54-9A1E7A4F7556}") = "Pocus.Infrastructure.Data", "src\Pocus.Infrastructure.Data\Pocus.Infrastructure.Data.csproj", "{5F3D04EC-82FF-4C8E-8687-369F9374A6BA}"
EndProject
Project("{9A19103F-16F7-4668-BE54-9A1E7A4F7556}") = "Pocus.Core", "src\Pocus.Core\Pocus.Core.csproj", "{C6551083-3DD8-4BF2-B681-B00A16426B8E}"
EndProject
Project("{9A19103F-16F7-4668-BE54-9A1E7A4F7556}") = "Pocus.Application", "src\Pocus.Application\Pocus.Application.csproj", "{311FAD7A-BBEE-4B58-ABB8-B68EE98D6BAB}"
EndProject
Project("{FAE04EC0-301F-11D3-BF4B-00C04F79EFBC}") = "Pocus.Identity", "src\Pocus.Identity\Pocus.Identity.csproj", "{228B408A-DDE1-4760-923C-9663F286CC6E}"
EndProject
Global
	GlobalSection(SolutionConfigurationPlatforms) = preSolution
		Debug|Any CPU = Debug|Any CPU
		Release|Any CPU = Release|Any CPU
	EndGlobalSection
	GlobalSection(ProjectConfigurationPlatforms) = postSolution
		{AA53E5BC-4015-4450-97B3-19EABDDA489E}.Debug|Any CPU.ActiveCfg = Debug|Any CPU
		{AA53E5BC-4015-4450-97B3-19EABDDA489E}.Debug|Any CPU.Build.0 = Debug|Any CPU
		{AA53E5BC-4015-4450-97B3-19EABDDA489E}.Release|Any CPU.ActiveCfg = Release|Any CPU
		{AA53E5BC-4015-4450-97B3-19EABDDA489E}.Release|Any CPU.Build.0 = Release|Any CPU
		{5F3D04EC-82FF-4C8E-8687-369F9374A6BA}.Debug|Any CPU.ActiveCfg = Debug|Any CPU
		{5F3D04EC-82FF-4C8E-8687-369F9374A6BA}.Debug|Any CPU.Build.0 = Debug|Any CPU
		{5F3D04EC-82FF-4C8E-8687-369F9374A6BA}.Release|Any CPU.ActiveCfg = Release|Any CPU
		{5F3D04EC-82FF-4C8E-8687-369F9374A6BA}.Release|Any CPU.Build.0 = Release|Any CPU
		{C6551083-3DD8-4BF2-B681-B00A16426B8E}.Debug|Any CPU.ActiveCfg = Debug|Any CPU
		{C6551083-3DD8-4BF2-B681-B00A16426B8E}.Debug|Any CPU.Build.0 = Debug|Any CPU
		{C6551083-3DD8-4BF2-B681-B00A16426B8E}.Release|Any CPU.ActiveCfg = Release|Any CPU
		{C6551083-3DD8-4BF2-B681-B00A16426B8E}.Release|Any CPU.Build.0 = Release|Any CPU
		{311FAD7A-BBEE-4B58-ABB8-B68EE98D6BAB}.Debug|Any CPU.ActiveCfg = Debug|Any CPU
		{311FAD7A-BBEE-4B58-ABB8-B68EE98D6BAB}.Debug|Any CPU.Build.0 = Debug|Any CPU
		{311FAD7A-BBEE-4B58-ABB8-B68EE98D6BAB}.Release|Any CPU.ActiveCfg = Release|Any CPU
		{311FAD7A-BBEE-4B58-ABB8-B68EE98D6BAB}.Release|Any CPU.Build.0 = Release|Any CPU
		{228B408A-DDE1-4760-923C-9663F286CC6E}.Debug|Any CPU.ActiveCfg = Debug|Any CPU
		{228B408A-DDE1-4760-923C-9663F286CC6E}.Debug|Any CPU.Build.0 = Debug|Any CPU
		{228B408A-DDE1-4760-923C-9663F286CC6E}.Release|Any CPU.ActiveCfg = Release|Any CPU
		{228B408A-DDE1-4760-923C-9663F286CC6E}.Release|Any CPU.Build.0 = Release|Any CPU
	EndGlobalSection
	GlobalSection(SolutionProperties) = preSolution
		HideSolutionNode = FALSE
	EndGlobalSection
	GlobalSection(NestedProjects) = preSolution
		{AA53E5BC-4015-4450-97B3-19EABDDA489E} = {62FCFF5E-035C-4459-BFFA-84B082B38659}
		{5F3D04EC-82FF-4C8E-8687-369F9374A6BA} = {62FCFF5E-035C-4459-BFFA-84B082B38659}
		{C6551083-3DD8-4BF2-B681-B00A16426B8E} = {62FCFF5E-035C-4459-BFFA-84B082B38659}
		{311FAD7A-BBEE-4B58-ABB8-B68EE98D6BAB} = {62FCFF5E-035C-4459-BFFA-84B082B38659}
		{228B408A-DDE1-4760-923C-9663F286CC6E} = {62FCFF5E-035C-4459-BFFA-84B082B38659}
	EndGlobalSection
	GlobalSection(ExtensibilityGlobals) = postSolution
		SolutionGuid = {3ADF76A5-9746-4AB6-8938-DE9B4962BAE9}
	EndGlobalSection
EndGlobal
